{
    "version": 4,
    "terraform_version": "1.10.3",
    "serial": 17,
    "lineage": "efe05d30-caa3-6f25-9c04-706a39f97fe0",
    "resources": [
        {
            "mode": "managed",
            "type": "sakuracloud_container_registry",
            "name": "myregistry",
            "provider": "provider[\"registry.terraform.io/sacloud/sakuracloud\"]",
            "instances": [
                {
                    "schema_version": 0,
                    "attributes": {
                        "access_level": "none",
                        "description": "",
                        "fqdn": "example.sakuracr.jp",
                        "icon_id": "",
                        "id": "113700367999",
                        "name": "myregistry",
                        "subdomain_label": "example",
                        "tags": null,
                        "timeouts": null,
                        "user": [
                            {
                                "name": "apprun",
                                "password": "foobarbaz",
                                "permission": "readwrite"
                            }
                        ],
                        "virtual_domain": ""
                    },
                    "sensitive_attributes": [
                        [
                            {
                                "type": "get_attr",
                                "value": "user"
                            },
                            {
                                "type": "index",
                                "value": {
                                    "value": 0,
                                    "type": "number"
                                }
                            },
                            {
                                "type": "get_attr",
                                "value": "password"
                            }
                        ]
                    ],
                    "private": "eyJlMmJmYjczMC1lY2FhLTExZTYtOGY4OC0zNDM2M2JjN2M0YzAiOnsiY3JlYXRlIjozMDAwMDAwMDAwMDAsImRlbGV0ZSI6MzAwMDAwMDAwMDAwLCJ1cGRhdGUiOjMwMDAwMDAwMDAwMH19"
                }
            ]
        }
    ],
    "check_results": null
}
